
Microsoft Visual Studio Solution File, Format Version 12.00
# Visual Studio Version 17
VisualStudioVersion = 17.5.33516.290
MinimumVisualStudioVersion = 10.0.40219.1
Project("{FAE04EC0-301F-11D3-BF4B-00C04F79EFBC}") = "isletimSistemleri", "isletimSistemleri\isletimSistemleri.csproj", "{2FDA376E-B97C-4EF6-93AC-02A2903465AA}"
EndProject
Global
	GlobalSection(SolutionConfigurationPlatforms) = preSolution
		Debug|Any CPU = Debug|Any CPU
		Release|Any CPU = Release|Any CPU
	EndGlobalSection
	GlobalSection(ProjectConfigurationPlatforms) = postSolution
		{2FDA376E-B97C-4EF6-93AC-02A2903465AA}.Debug|Any CPU.ActiveCfg = Debug|Any CPU
		{2FDA376E-B97C-4EF6-93AC-02A2903465AA}.Debug|Any CPU.Build.0 = Debug|Any CPU
		{2FDA376E-B97C-4EF6-93AC-02A2903465AA}.Release|Any CPU.ActiveCfg = Release|Any CPU
		{2FDA376E-B97C-4EF6-93AC-02A2903465AA}.Release|Any CPU.Build.0 = Release|Any CPU
	EndGlobalSection
	GlobalSection(SolutionProperties) = preSolution
		HideSolutionNode = FALSE
	EndGlobalSection
	GlobalSection(ExtensibilityGlobals) = postSolution
		SolutionGuid = {0EE6D9E6-BAC5-449E-9204-AF2539F80D3E}
	EndGlobalSection
EndGlobal
